Microsoft Visual Studio Solution File, Format Version 12.00
# Visual Studio Version 17
VisualStudioVersion = 17.5.2.0
MinimumVisualStudioVersion = 10.0.40219.1
Project("{FAE04EC0-301F-11D3-BF4B-00C04F79EFBC}") = "AssistantNest", "AssistantNest\AssistantNest.csproj", "{A2F0AF87-AAF0-FA9A-61C9-4204AC83EBF3}"
EndProject
Global
	GlobalSection(SolutionConfigurationPlatforms) = preSolution
		Debug|Any CPU = Debug|Any CPU
		Release|Any CPU = Release|Any CPU
	EndGlobalSection
	GlobalSection(ProjectConfigurationPlatforms) = postSolution
		{A2F0AF87-AAF0-FA9A-61C9-4204AC83EBF3}.Debug|Any CPU.ActiveCfg = Debug|Any CPU
		{A2F0AF87-AAF0-FA9A-61C9-4204AC83EBF3}.Debug|Any CPU.Build.0 = Debug|Any CPU
		{A2F0AF87-AAF0-FA9A-61C9-4204AC83EBF3}.Release|Any CPU.ActiveCfg = Release|Any CPU
		{A2F0AF87-AAF0-FA9A-61C9-4204AC83EBF3}.Release|Any CPU.Build.0 = Release|Any CPU
	EndGlobalSection
	GlobalSection(SolutionProperties) = preSolution
		HideSolutionNode = FALSE
	EndGlobalSection
	GlobalSection(ExtensibilityGlobals) = postSolution
		SolutionGuid = {29BB6312-0214-435A-B4D3-6F4E4D9018B1}
	EndGlobalSection
EndGlobal
